
Microsoft Visual Studio Solution File, Format Version 12.00
# Visual Studio 15
VisualStudioVersion = 15.0.27004.2002
MinimumVisualStudioVersion = 10.0.40219.1
Project("{FAE04EC0-301F-11D3-BF4B-00C04F79EFBC}") = "Test.Model", "Test.Model\Test.Model.csproj", "{F28D975C-A8D7-411C-A574-58AF56D4986D}"
EndProject
Project("{FAE04EC0-301F-11D3-BF4B-00C04F79EFBC}") = "Test.Run", "Test.Run\Test.Run.csproj", "{094221A2-CEAE-49A1-8592-5E65B8A8DA23}"
EndProject
Global
	GlobalSection(SolutionConfigurationPlatforms) = preSolution
		Debug|Any CPU = Debug|Any CPU
		Release|Any CPU = Release|Any CPU
	EndGlobalSection
	GlobalSection(ProjectConfigurationPlatforms) = postSolution
		{F28D975C-A8D7-411C-A574-58AF56D4986D}.Debug|Any CPU.ActiveCfg = Debug|Any CPU
		{F28D975C-A8D7-411C-A574-58AF56D4986D}.Debug|Any CPU.Build.0 = Debug|Any CPU
		{F28D975C-A8D7-411C-A574-58AF56D4986D}.Release|Any CPU.ActiveCfg = Release|Any CPU
		{F28D975C-A8D7-411C-A574-58AF56D4986D}.Release|Any CPU.Build.0 = Release|Any CPU
		{094221A2-CEAE-49A1-8592-5E65B8A8DA23}.Debug|Any CPU.ActiveCfg = Debug|Any CPU
		{094221A2-CEAE-49A1-8592-5E65B8A8DA23}.Debug|Any CPU.Build.0 = Debug|Any CPU
		{094221A2-CEAE-49A1-8592-5E65B8A8DA23}.Release|Any CPU.ActiveCfg = Release|Any CPU
		{094221A2-CEAE-49A1-8592-5E65B8A8DA23}.Release|Any CPU.Build.0 = Release|Any CPU
	EndGlobalSection
	GlobalSection(SolutionProperties) = preSolution
		HideSolutionNode = FALSE
	EndGlobalSection
	GlobalSection(ExtensibilityGlobals) = postSolution
		SolutionGuid = {A9360037-6337-460B-B147-2841C09A5BC0}
	EndGlobalSection
EndGlobal
